# @generated by Move, please check-in and do not edit manually.

[move]
version = 2
manifest_digest = "3CFC543C105F593119F428B96B0B8B1EDA9732E03BEAFA8495C476EFE1F7DF17"
deps_digest = "F8BBB0CCB2491CA29A3DF03D6F92277A4F3574266507ACD77214D37ECA3F3082"
dependencies = [
  { name = "Sui" },
]

[[move.package]]
name = "MoveStdlib"
source = { git = "https://github.com/MystenLabs/sui.git", rev = "framework/testnet", subdir = "crates/sui-framework/packages/move-stdlib" }

[[move.package]]
name = "Sui"
source = { git = "https://github.com/MystenLabs/sui.git", rev = "framework/testnet", subdir = "crates/sui-framework/packages/sui-framework" }

dependencies = [
  { name = "MoveStdlib" },
]

[move.toolchain-version]
compiler-version = "1.26.2"
edition = "2024.beta"
flavor = "sui"

[env]

[env.localnet]
chain-id = "77122cee"
original-published-id = "0x3fbee8649b32fb1732f3c19821408bef955bbfc38fa729dd0af59dc610883939"
latest-published-id = "0x3fbee8649b32fb1732f3c19821408bef955bbfc38fa729dd0af59dc610883939"
published-version = "1"

[env.mainnet]
chain-id = "35834a8a"
original-published-id = "0xb1be6adec1c15140ec349c8a12818b32dd8e1a82e7904de29dc849c0692b3445"
latest-published-id = "0xb1be6adec1c15140ec349c8a12818b32dd8e1a82e7904de29dc849c0692b3445"
published-version = "1"
