# @generated by Move, please check-in and do not edit manually.

[move]
version = 2
manifest_digest = "3CFC543C105F593119F428B96B0B8B1EDA9732E03BEAFA8495C476EFE1F7DF17"
deps_digest = "F8BBB0CCB2491CA29A3DF03D6F92277A4F3574266507ACD77214D37ECA3F3082"
dependencies = [
  { name = "Sui" },
]

[[move.package]]
name = "MoveStdlib"
source = { git = "https://github.com/MystenLabs/sui.git", rev = "framework/testnet", subdir = "crates/sui-framework/packages/move-stdlib" }

[[move.package]]
name = "Sui"
source = { git = "https://github.com/MystenLabs/sui.git", rev = "framework/testnet", subdir = "crates/sui-framework/packages/sui-framework" }

dependencies = [
  { name = "MoveStdlib" },
]

[move.toolchain-version]
compiler-version = "1.26.2"
edition = "2024.beta"
flavor = "sui"

[env]

[env.localnet]
chain-id = "e4c6e3fb"
original-published-id = "0xf65f7289a723796ec4af99197d56b9514899778aeebe9660f30a5b29b2a1dfe3"
latest-published-id = "0xf65f7289a723796ec4af99197d56b9514899778aeebe9660f30a5b29b2a1dfe3"
published-version = "1"

[env.mainnet]
chain-id = "35834a8a"
original-published-id = "0x0330a613c2d339e0deaac1a5546ac81804bd7d86b6fc57c12ebeff7e061cbdcb"
latest-published-id = "0x0330a613c2d339e0deaac1a5546ac81804bd7d86b6fc57c12ebeff7e061cbdcb"
published-version = "1"
