# @generated by Move, please check-in and do not edit manually.

[move]
version = 3
manifest_digest = "F43B8A40B6125FC7C6CA6DA3C686191CD6A4BB0E2ADC6E6EB2CEDBE04A91C110"
deps_digest = "F8BBB0CCB2491CA29A3DF03D6F92277A4F3574266507ACD77214D37ECA3F3082"
dependencies = [
  { id = "Sui", name = "Sui" },
]

[[move.package]]
id = "MoveStdlib"
source = { git = "https://github.com/MystenLabs/sui.git", rev = "framework/mainnet", subdir = "crates/sui-framework/packages/move-stdlib" }

[[move.package]]
id = "Sui"
source = { git = "https://github.com/MystenLabs/sui.git", rev = "framework/mainnet", subdir = "crates/sui-framework/packages/sui-framework" }

dependencies = [
  { id = "MoveStdlib", name = "MoveStdlib" },
]

[move.toolchain-version]
compiler-version = "1.35.1"
edition = "2024.beta"
flavor = "sui"

[env]

[env.localnet]
chain-id = "9346faee"
original-published-id = "0x9b3ca4b832cb7a54d351b9d393ae9365543685d85b3524fbd40b92863c1139fd"
latest-published-id = "0x9b3ca4b832cb7a54d351b9d393ae9365543685d85b3524fbd40b92863c1139fd"
published-version = "1"

[env.mirainet]
chain-id = "8a81cbfb"
original-published-id = "0xb3c8e4c89b72a92fc7e3e6cba6b05d138c90bf88f008f6dbe70a49c2a3f352f8"
latest-published-id = "0xb3c8e4c89b72a92fc7e3e6cba6b05d138c90bf88f008f6dbe70a49c2a3f352f8"
published-version = "1"
