# @generated by Move, please check-in and do not edit manually.

[move]
version = 2
manifest_digest = "92BDD1104467347E426C66A1074AADE842CA245AE144EC09D44F68FCFF394C16"
deps_digest = "F8BBB0CCB2491CA29A3DF03D6F92277A4F3574266507ACD77214D37ECA3F3082"
dependencies = [
  { name = "Sui" },
]

[[move.package]]
name = "MoveStdlib"
source = { git = "https://github.com/MystenLabs/sui.git", rev = "framework/mainnet", subdir = "crates/sui-framework/packages/move-stdlib" }

[[move.package]]
name = "Sui"
source = { git = "https://github.com/MystenLabs/sui.git", rev = "framework/mainnet", subdir = "crates/sui-framework/packages/sui-framework" }

dependencies = [
  { name = "MoveStdlib" },
]

[move.toolchain-version]
compiler-version = "1.29.2"
edition = "2024.beta"
flavor = "sui"

[env]

[env.localnet]
chain-id = "be6911c2"
original-published-id = "0x39996503f3476b81e4f4001edde96c0184b16bcc733de5ae85a5d6937b0bc586"
latest-published-id = "0x39996503f3476b81e4f4001edde96c0184b16bcc733de5ae85a5d6937b0bc586"
published-version = "1"

[env.mainnet]
chain-id = "35834a8a"
original-published-id = "0x51bfc5ce4827d03da39c3bed8910fcc6995aa48c0d31ce5749a05ae546485864"
latest-published-id = "0x51bfc5ce4827d03da39c3bed8910fcc6995aa48c0d31ce5749a05ae546485864"
published-version = "1"

[env.sm-mainnet]
chain-id = "35834a8a"
original-published-id = "0xeb753c1cd0bdcfc7718b1c44b2f4d1ad252ee7c625129845646101c707476d53"
latest-published-id = "0xeb753c1cd0bdcfc7718b1c44b2f4d1ad252ee7c625129845646101c707476d53"
published-version = "1"
