# @generated by Move, please check-in and do not edit manually.

[move]
version = 2
manifest_digest = "92BDD1104467347E426C66A1074AADE842CA245AE144EC09D44F68FCFF394C16"
deps_digest = "F8BBB0CCB2491CA29A3DF03D6F92277A4F3574266507ACD77214D37ECA3F3082"
dependencies = [
  { name = "Sui" },
]

[[move.package]]
name = "MoveStdlib"
source = { git = "https://github.com/MystenLabs/sui.git", rev = "framework/mainnet", subdir = "crates/sui-framework/packages/move-stdlib" }

[[move.package]]
name = "Sui"
source = { git = "https://github.com/MystenLabs/sui.git", rev = "framework/mainnet", subdir = "crates/sui-framework/packages/sui-framework" }

dependencies = [
  { name = "MoveStdlib" },
]

[move.toolchain-version]
compiler-version = "1.28.4"
edition = "2024.beta"
flavor = "sui"

[env]

[env.localnet]
chain-id = "637d009f"
original-published-id = "0x8bc863f221c3142c314ee871c811dbf48a67b84a451c4f78473117b1cb583c75"
latest-published-id = "0x8bc863f221c3142c314ee871c811dbf48a67b84a451c4f78473117b1cb583c75"
published-version = "1"

[env.mainnet]
chain-id = "35834a8a"
original-published-id = "0x0330a613c2d339e0deaac1a5546ac81804bd7d86b6fc57c12ebeff7e061cbdcb"
latest-published-id = "0x0330a613c2d339e0deaac1a5546ac81804bd7d86b6fc57c12ebeff7e061cbdcb"
published-version = "1"
